
Microsoft Visual Studio Solution File, Format Version 12.00
# Visual Studio Version 17
VisualStudioVersion = 17.2.32602.215
MinimumVisualStudioVersion = 10.0.40219.1
Project("{FAE04EC0-301F-11D3-BF4B-00C04F79EFBC}") = "Weapon", "Weapon\Weapon.csproj", "{94C47C42-5C8F-4AEF-89FC-6D3C090F70F8}"
EndProject
Global
	GlobalSection(SolutionConfigurationPlatforms) = preSolution
		Debug|Any CPU = Debug|Any CPU
		Release|Any CPU = Release|Any CPU
	EndGlobalSection
	GlobalSection(ProjectConfigurationPlatforms) = postSolution
		{94C47C42-5C8F-4AEF-89FC-6D3C090F70F8}.Debug|Any CPU.ActiveCfg = Debug|Any CPU
		{94C47C42-5C8F-4AEF-89FC-6D3C090F70F8}.Debug|Any CPU.Build.0 = Debug|Any CPU
		{94C47C42-5C8F-4AEF-89FC-6D3C090F70F8}.Release|Any CPU.ActiveCfg = Release|Any CPU
		{94C47C42-5C8F-4AEF-89FC-6D3C090F70F8}.Release|Any CPU.Build.0 = Release|Any CPU
	EndGlobalSection
	GlobalSection(SolutionProperties) = preSolution
		HideSolutionNode = FALSE
	EndGlobalSection
	GlobalSection(ExtensibilityGlobals) = postSolution
		SolutionGuid = {772CF913-9A98-42F2-9E3A-E9126F727091}
	EndGlobalSection
EndGlobal
